
Microsoft Visual Studio Solution File, Format Version 12.00
# Visual Studio Version 17
VisualStudioVersion = 17.8.34330.188
MinimumVisualStudioVersion = 10.0.40219.1
Project("{2150E333-8FDC-42A3-9474-1A3956D46DE8}") = "1 - UI", "1 - UI", "{A54D086E-5BF9-4847-8AF5-E506F2D5DEEC}"
EndProject
Project("{2150E333-8FDC-42A3-9474-1A3956D46DE8}") = "2 - Core", "2 - Core", "{F6988383-E7B7-4258-93A3-4663AE4DFB71}"
EndProject
Project("{2150E333-8FDC-42A3-9474-1A3956D46DE8}") = "3 - Infrastructure", "3 - Infrastructure", "{4BFFE718-AAA5-43F4-8802-ADC3436524D8}"
EndProject
Project("{9A19103F-16F7-4668-BE54-9A1E7A4F7556}") = "WebApi", "WebApi\WebApi.csproj", "{38E65E93-231B-45F0-B954-2677F146B19A}"
EndProject
Project("{9A19103F-16F7-4668-BE54-9A1E7A4F7556}") = "Application", "Application\Application.csproj", "{F7F4D453-1213-4394-B27F-AAE70B339724}"
EndProject
Project("{9A19103F-16F7-4668-BE54-9A1E7A4F7556}") = "Domain", "Domain\Domain.csproj", "{4413BDA1-1052-4C4A-9796-56D12AC04A2B}"
EndProject
Project("{9A19103F-16F7-4668-BE54-9A1E7A4F7556}") = "Infrastructure.Data", "Infrastructure.Data\Infrastructure.Data.csproj", "{1D03B81C-3541-4770-81C7-3EAE3EF41902}"
EndProject
Project("{9A19103F-16F7-4668-BE54-9A1E7A4F7556}") = "Infrastructure.IoC", "Infrastructure.IoC\Infrastructure.IoC.csproj", "{5B9496B9-B7AB-4BF7-98F9-952B419D304C}"
EndProject
Project("{54A90642-561A-4BB1-A94E-469ADEE60C69}") = "UI.Angular", "UI.Angular\UI.Angular.esproj", "{C577D794-C1E3-41C7-8AD0-4E2ECD66BA34}"
EndProject
Project("{2150E333-8FDC-42A3-9474-1A3956D46DE8}") = "Itens de Solução", "Itens de Solução", "{2ED1F899-EB6C-426F-8104-820761575864}"
	ProjectSection(SolutionItems) = preProject
		Dockerfile = Dockerfile
	EndProjectSection
EndProject
Global
	GlobalSection(SolutionConfigurationPlatforms) = preSolution
		Debug|Any CPU = Debug|Any CPU
		Release|Any CPU = Release|Any CPU
	EndGlobalSection
	GlobalSection(ProjectConfigurationPlatforms) = postSolution
		{38E65E93-231B-45F0-B954-2677F146B19A}.Debug|Any CPU.ActiveCfg = Debug|Any CPU
		{38E65E93-231B-45F0-B954-2677F146B19A}.Debug|Any CPU.Build.0 = Debug|Any CPU
		{38E65E93-231B-45F0-B954-2677F146B19A}.Release|Any CPU.ActiveCfg = Release|Any CPU
		{38E65E93-231B-45F0-B954-2677F146B19A}.Release|Any CPU.Build.0 = Release|Any CPU
		{F7F4D453-1213-4394-B27F-AAE70B339724}.Debug|Any CPU.ActiveCfg = Debug|Any CPU
		{F7F4D453-1213-4394-B27F-AAE70B339724}.Debug|Any CPU.Build.0 = Debug|Any CPU
		{F7F4D453-1213-4394-B27F-AAE70B339724}.Release|Any CPU.ActiveCfg = Release|Any CPU
		{F7F4D453-1213-4394-B27F-AAE70B339724}.Release|Any CPU.Build.0 = Release|Any CPU
		{4413BDA1-1052-4C4A-9796-56D12AC04A2B}.Debug|Any CPU.ActiveCfg = Debug|Any CPU
		{4413BDA1-1052-4C4A-9796-56D12AC04A2B}.Debug|Any CPU.Build.0 = Debug|Any CPU
		{4413BDA1-1052-4C4A-9796-56D12AC04A2B}.Release|Any CPU.ActiveCfg = Release|Any CPU
		{4413BDA1-1052-4C4A-9796-56D12AC04A2B}.Release|Any CPU.Build.0 = Release|Any CPU
		{1D03B81C-3541-4770-81C7-3EAE3EF41902}.Debug|Any CPU.ActiveCfg = Debug|Any CPU
		{1D03B81C-3541-4770-81C7-3EAE3EF41902}.Debug|Any CPU.Build.0 = Debug|Any CPU
		{1D03B81C-3541-4770-81C7-3EAE3EF41902}.Release|Any CPU.ActiveCfg = Release|Any CPU
		{1D03B81C-3541-4770-81C7-3EAE3EF41902}.Release|Any CPU.Build.0 = Release|Any CPU
		{5B9496B9-B7AB-4BF7-98F9-952B419D304C}.Debug|Any CPU.ActiveCfg = Debug|Any CPU
		{5B9496B9-B7AB-4BF7-98F9-952B419D304C}.Debug|Any CPU.Build.0 = Debug|Any CPU
		{5B9496B9-B7AB-4BF7-98F9-952B419D304C}.Release|Any CPU.ActiveCfg = Release|Any CPU
		{5B9496B9-B7AB-4BF7-98F9-952B419D304C}.Release|Any CPU.Build.0 = Release|Any CPU
		{C577D794-C1E3-41C7-8AD0-4E2ECD66BA34}.Debug|Any CPU.ActiveCfg = Debug|Any CPU
		{C577D794-C1E3-41C7-8AD0-4E2ECD66BA34}.Debug|Any CPU.Build.0 = Debug|Any CPU
		{C577D794-C1E3-41C7-8AD0-4E2ECD66BA34}.Debug|Any CPU.Deploy.0 = Debug|Any CPU
		{C577D794-C1E3-41C7-8AD0-4E2ECD66BA34}.Release|Any CPU.ActiveCfg = Release|Any CPU
		{C577D794-C1E3-41C7-8AD0-4E2ECD66BA34}.Release|Any CPU.Build.0 = Release|Any CPU
		{C577D794-C1E3-41C7-8AD0-4E2ECD66BA34}.Release|Any CPU.Deploy.0 = Release|Any CPU
	EndGlobalSection
	GlobalSection(SolutionProperties) = preSolution
		HideSolutionNode = FALSE
	EndGlobalSection
	GlobalSection(NestedProjects) = preSolution
		{38E65E93-231B-45F0-B954-2677F146B19A} = {A54D086E-5BF9-4847-8AF5-E506F2D5DEEC}
		{F7F4D453-1213-4394-B27F-AAE70B339724} = {F6988383-E7B7-4258-93A3-4663AE4DFB71}
		{4413BDA1-1052-4C4A-9796-56D12AC04A2B} = {F6988383-E7B7-4258-93A3-4663AE4DFB71}
		{1D03B81C-3541-4770-81C7-3EAE3EF41902} = {4BFFE718-AAA5-43F4-8802-ADC3436524D8}
		{5B9496B9-B7AB-4BF7-98F9-952B419D304C} = {4BFFE718-AAA5-43F4-8802-ADC3436524D8}
		{C577D794-C1E3-41C7-8AD0-4E2ECD66BA34} = {A54D086E-5BF9-4847-8AF5-E506F2D5DEEC}
	EndGlobalSection
	GlobalSection(ExtensibilityGlobals) = postSolution
		SolutionGuid = {133AD241-8783-436A-BCE4-4B5DEFA42F1F}
	EndGlobalSection
EndGlobal
